
Microsoft Visual Studio Solution File, Format Version 12.00
# Visual Studio Version 16
VisualStudioVersion = 16.0.30503.244
MinimumVisualStudioVersion = 15.0.26124.0
Project("{9A19103F-16F7-4668-BE54-9A1E7A4F7556}") = "delegates_and_events", "delegates_and_events\delegates_and_events.csproj", "{31F528F0-172E-4520-A515-0D8AF6FE02F8}"
EndProject
Project("{9A19103F-16F7-4668-BE54-9A1E7A4F7556}") = "generics.tests", "generics.tests\generics.tests.csproj", "{AF8912DE-0564-480E-A686-74D8C8D52766}"
EndProject
Project("{9A19103F-16F7-4668-BE54-9A1E7A4F7556}") = "generics", "generics\generics.csproj", "{1BF826B5-87F1-428A-98C2-883702FC22DC}"
EndProject
Project("{2150E333-8FDC-42A3-9474-1A3956D46DE8}") = "01-generics", "01-generics", "{F866B328-9CA4-4E31-9818-F2B35DA7DE6C}"
EndProject
Project("{2150E333-8FDC-42A3-9474-1A3956D46DE8}") = "02-delegates and events", "02-delegates and events", "{FF74110F-E2AB-4EC3-B34C-5F604FDC2896}"
EndProject
Project("{9A19103F-16F7-4668-BE54-9A1E7A4F7556}") = "collections_and_objectpool", "collections_and_objectpool\collections_and_objectpool.csproj", "{E58D0230-997C-4B71-A2FD-28658FA9E97A}"
EndProject
Project("{2150E333-8FDC-42A3-9474-1A3956D46DE8}") = "03-collections and objectpool", "03-collections and objectpool", "{A3D32AAE-5E09-422E-A6D3-2FD2A189B2C6}"
EndProject
Project("{9A19103F-16F7-4668-BE54-9A1E7A4F7556}") = "generics-tricky-situations", "generics-tricky-situations\generics-tricky-situations.csproj", "{93F5B5AE-CE5B-4DC6-9ECA-EC99F6A1B6ED}"
EndProject
Project("{FAE04EC0-301F-11D3-BF4B-00C04F79EFBC}") = "generics.variance", "generics.variance\generics.variance.csproj", "{0D0D8E88-7643-4A72-A749-4A7377B77C0B}"
EndProject
Project("{2150E333-8FDC-42A3-9474-1A3956D46DE8}") = "04-threads", "04-threads", "{CF0F9EBE-41FB-42F8-891D-7417A25FEB2A}"
EndProject
Project("{FAE04EC0-301F-11D3-BF4B-00C04F79EFBC}") = "threads-examples", "threads-examples\threads-examples.csproj", "{D261ABD1-E334-45E9-AD67-68FB9E06C4C6}"
EndProject
Project("{FAE04EC0-301F-11D3-BF4B-00C04F79EFBC}") = "thread-examples-bis", "thread-examples-bis\thread-examples-bis.csproj", "{4812594C-F749-4FA6-A9A2-899C4823D66D}"
EndProject
Global
	GlobalSection(SolutionConfigurationPlatforms) = preSolution
		Debug|Any CPU = Debug|Any CPU
		Debug|x64 = Debug|x64
		Debug|x86 = Debug|x86
		Release|Any CPU = Release|Any CPU
		Release|x64 = Release|x64
		Release|x86 = Release|x86
	EndGlobalSection
	GlobalSection(ProjectConfigurationPlatforms) = postSolution
		{31F528F0-172E-4520-A515-0D8AF6FE02F8}.Debug|Any CPU.ActiveCfg = Debug|Any CPU
		{31F528F0-172E-4520-A515-0D8AF6FE02F8}.Debug|Any CPU.Build.0 = Debug|Any CPU
		{31F528F0-172E-4520-A515-0D8AF6FE02F8}.Debug|x64.ActiveCfg = Debug|Any CPU
		{31F528F0-172E-4520-A515-0D8AF6FE02F8}.Debug|x64.Build.0 = Debug|Any CPU
		{31F528F0-172E-4520-A515-0D8AF6FE02F8}.Debug|x86.ActiveCfg = Debug|Any CPU
		{31F528F0-172E-4520-A515-0D8AF6FE02F8}.Debug|x86.Build.0 = Debug|Any CPU
		{31F528F0-172E-4520-A515-0D8AF6FE02F8}.Release|Any CPU.ActiveCfg = Release|Any CPU
		{31F528F0-172E-4520-A515-0D8AF6FE02F8}.Release|Any CPU.Build.0 = Release|Any CPU
		{31F528F0-172E-4520-A515-0D8AF6FE02F8}.Release|x64.ActiveCfg = Release|Any CPU
		{31F528F0-172E-4520-A515-0D8AF6FE02F8}.Release|x64.Build.0 = Release|Any CPU
		{31F528F0-172E-4520-A515-0D8AF6FE02F8}.Release|x86.ActiveCfg = Release|Any CPU
		{31F528F0-172E-4520-A515-0D8AF6FE02F8}.Release|x86.Build.0 = Release|Any CPU
		{AF8912DE-0564-480E-A686-74D8C8D52766}.Debug|Any CPU.ActiveCfg = Debug|Any CPU
		{AF8912DE-0564-480E-A686-74D8C8D52766}.Debug|Any CPU.Build.0 = Debug|Any CPU
		{AF8912DE-0564-480E-A686-74D8C8D52766}.Debug|x64.ActiveCfg = Debug|Any CPU
		{AF8912DE-0564-480E-A686-74D8C8D52766}.Debug|x64.Build.0 = Debug|Any CPU
		{AF8912DE-0564-480E-A686-74D8C8D52766}.Debug|x86.ActiveCfg = Debug|Any CPU
		{AF8912DE-0564-480E-A686-74D8C8D52766}.Debug|x86.Build.0 = Debug|Any CPU
		{AF8912DE-0564-480E-A686-74D8C8D52766}.Release|Any CPU.ActiveCfg = Release|Any CPU
		{AF8912DE-0564-480E-A686-74D8C8D52766}.Release|Any CPU.Build.0 = Release|Any CPU
		{AF8912DE-0564-480E-A686-74D8C8D52766}.Release|x64.ActiveCfg = Release|Any CPU
		{AF8912DE-0564-480E-A686-74D8C8D52766}.Release|x64.Build.0 = Release|Any CPU
		{AF8912DE-0564-480E-A686-74D8C8D52766}.Release|x86.ActiveCfg = Release|Any CPU
		{AF8912DE-0564-480E-A686-74D8C8D52766}.Release|x86.Build.0 = Release|Any CPU
		{1BF826B5-87F1-428A-98C2-883702FC22DC}.Debug|Any CPU.ActiveCfg = Debug|Any CPU
		{1BF826B5-87F1-428A-98C2-883702FC22DC}.Debug|Any CPU.Build.0 = Debug|Any CPU
		{1BF826B5-87F1-428A-98C2-883702FC22DC}.Debug|x64.ActiveCfg = Debug|Any CPU
		{1BF826B5-87F1-428A-98C2-883702FC22DC}.Debug|x64.Build.0 = Debug|Any CPU
		{1BF826B5-87F1-428A-98C2-883702FC22DC}.Debug|x86.ActiveCfg = Debug|Any CPU
		{1BF826B5-87F1-428A-98C2-883702FC22DC}.Debug|x86.Build.0 = Debug|Any CPU
		{1BF826B5-87F1-428A-98C2-883702FC22DC}.Release|Any CPU.ActiveCfg = Release|Any CPU
		{1BF826B5-87F1-428A-98C2-883702FC22DC}.Release|Any CPU.Build.0 = Release|Any CPU
		{1BF826B5-87F1-428A-98C2-883702FC22DC}.Release|x64.ActiveCfg = Release|Any CPU
		{1BF826B5-87F1-428A-98C2-883702FC22DC}.Release|x64.Build.0 = Release|Any CPU
		{1BF826B5-87F1-428A-98C2-883702FC22DC}.Release|x86.ActiveCfg = Release|Any CPU
		{1BF826B5-87F1-428A-98C2-883702FC22DC}.Release|x86.Build.0 = Release|Any CPU
		{E58D0230-997C-4B71-A2FD-28658FA9E97A}.Debug|Any CPU.ActiveCfg = Debug|Any CPU
		{E58D0230-997C-4B71-A2FD-28658FA9E97A}.Debug|Any CPU.Build.0 = Debug|Any CPU
		{E58D0230-997C-4B71-A2FD-28658FA9E97A}.Debug|x64.ActiveCfg = Debug|Any CPU
		{E58D0230-997C-4B71-A2FD-28658FA9E97A}.Debug|x64.Build.0 = Debug|Any CPU
		{E58D0230-997C-4B71-A2FD-28658FA9E97A}.Debug|x86.ActiveCfg = Debug|Any CPU
		{E58D0230-997C-4B71-A2FD-28658FA9E97A}.Debug|x86.Build.0 = Debug|Any CPU
		{E58D0230-997C-4B71-A2FD-28658FA9E97A}.Release|Any CPU.ActiveCfg = Release|Any CPU
		{E58D0230-997C-4B71-A2FD-28658FA9E97A}.Release|Any CPU.Build.0 = Release|Any CPU
		{E58D0230-997C-4B71-A2FD-28658FA9E97A}.Release|x64.ActiveCfg = Release|Any CPU
		{E58D0230-997C-4B71-A2FD-28658FA9E97A}.Release|x64.Build.0 = Release|Any CPU
		{E58D0230-997C-4B71-A2FD-28658FA9E97A}.Release|x86.ActiveCfg = Release|Any CPU
		{E58D0230-997C-4B71-A2FD-28658FA9E97A}.Release|x86.Build.0 = Release|Any CPU
		{93F5B5AE-CE5B-4DC6-9ECA-EC99F6A1B6ED}.Debug|Any CPU.ActiveCfg = Debug|Any CPU
		{93F5B5AE-CE5B-4DC6-9ECA-EC99F6A1B6ED}.Debug|Any CPU.Build.0 = Debug|Any CPU
		{93F5B5AE-CE5B-4DC6-9ECA-EC99F6A1B6ED}.Debug|x64.ActiveCfg = Debug|Any CPU
		{93F5B5AE-CE5B-4DC6-9ECA-EC99F6A1B6ED}.Debug|x64.Build.0 = Debug|Any CPU
		{93F5B5AE-CE5B-4DC6-9ECA-EC99F6A1B6ED}.Debug|x86.ActiveCfg = Debug|Any CPU
		{93F5B5AE-CE5B-4DC6-9ECA-EC99F6A1B6ED}.Debug|x86.Build.0 = Debug|Any CPU
		{93F5B5AE-CE5B-4DC6-9ECA-EC99F6A1B6ED}.Release|Any CPU.ActiveCfg = Release|Any CPU
		{93F5B5AE-CE5B-4DC6-9ECA-EC99F6A1B6ED}.Release|Any CPU.Build.0 = Release|Any CPU
		{93F5B5AE-CE5B-4DC6-9ECA-EC99F6A1B6ED}.Release|x64.ActiveCfg = Release|Any CPU
		{93F5B5AE-CE5B-4DC6-9ECA-EC99F6A1B6ED}.Release|x64.Build.0 = Release|Any CPU
		{93F5B5AE-CE5B-4DC6-9ECA-EC99F6A1B6ED}.Release|x86.ActiveCfg = Release|Any CPU
		{93F5B5AE-CE5B-4DC6-9ECA-EC99F6A1B6ED}.Release|x86.Build.0 = Release|Any CPU
		{0D0D8E88-7643-4A72-A749-4A7377B77C0B}.Debug|Any CPU.ActiveCfg = Debug|Any CPU
		{0D0D8E88-7643-4A72-A749-4A7377B77C0B}.Debug|Any CPU.Build.0 = Debug|Any CPU
		{0D0D8E88-7643-4A72-A749-4A7377B77C0B}.Debug|x64.ActiveCfg = Debug|Any CPU
		{0D0D8E88-7643-4A72-A749-4A7377B77C0B}.Debug|x64.Build.0 = Debug|Any CPU
		{0D0D8E88-7643-4A72-A749-4A7377B77C0B}.Debug|x86.ActiveCfg = Debug|Any CPU
		{0D0D8E88-7643-4A72-A749-4A7377B77C0B}.Debug|x86.Build.0 = Debug|Any CPU
		{0D0D8E88-7643-4A72-A749-4A7377B77C0B}.Release|Any CPU.ActiveCfg = Release|Any CPU
		{0D0D8E88-7643-4A72-A749-4A7377B77C0B}.Release|Any CPU.Build.0 = Release|Any CPU
		{0D0D8E88-7643-4A72-A749-4A7377B77C0B}.Release|x64.ActiveCfg = Release|Any CPU
		{0D0D8E88-7643-4A72-A749-4A7377B77C0B}.Release|x64.Build.0 = Release|Any CPU
		{0D0D8E88-7643-4A72-A749-4A7377B77C0B}.Release|x86.ActiveCfg = Release|Any CPU
		{0D0D8E88-7643-4A72-A749-4A7377B77C0B}.Release|x86.Build.0 = Release|Any CPU
		{D261ABD1-E334-45E9-AD67-68FB9E06C4C6}.Debug|Any CPU.ActiveCfg = Debug|Any CPU
		{D261ABD1-E334-45E9-AD67-68FB9E06C4C6}.Debug|Any CPU.Build.0 = Debug|Any CPU
		{D261ABD1-E334-45E9-AD67-68FB9E06C4C6}.Debug|x64.ActiveCfg = Debug|Any CPU
		{D261ABD1-E334-45E9-AD67-68FB9E06C4C6}.Debug|x64.Build.0 = Debug|Any CPU
		{D261ABD1-E334-45E9-AD67-68FB9E06C4C6}.Debug|x86.ActiveCfg = Debug|Any CPU
		{D261ABD1-E334-45E9-AD67-68FB9E06C4C6}.Debug|x86.Build.0 = Debug|Any CPU
		{D261ABD1-E334-45E9-AD67-68FB9E06C4C6}.Release|Any CPU.ActiveCfg = Release|Any CPU
		{D261ABD1-E334-45E9-AD67-68FB9E06C4C6}.Release|Any CPU.Build.0 = Release|Any CPU
		{D261ABD1-E334-45E9-AD67-68FB9E06C4C6}.Release|x64.ActiveCfg = Release|Any CPU
		{D261ABD1-E334-45E9-AD67-68FB9E06C4C6}.Release|x64.Build.0 = Release|Any CPU
		{D261ABD1-E334-45E9-AD67-68FB9E06C4C6}.Release|x86.ActiveCfg = Release|Any CPU
		{D261ABD1-E334-45E9-AD67-68FB9E06C4C6}.Release|x86.Build.0 = Release|Any CPU
		{4812594C-F749-4FA6-A9A2-899C4823D66D}.Debug|Any CPU.ActiveCfg = Debug|Any CPU
		{4812594C-F749-4FA6-A9A2-899C4823D66D}.Debug|Any CPU.Build.0 = Debug|Any CPU
		{4812594C-F749-4FA6-A9A2-899C4823D66D}.Debug|x64.ActiveCfg = Debug|Any CPU
		{4812594C-F749-4FA6-A9A2-899C4823D66D}.Debug|x64.Build.0 = Debug|Any CPU
		{4812594C-F749-4FA6-A9A2-899C4823D66D}.Debug|x86.ActiveCfg = Debug|Any CPU
		{4812594C-F749-4FA6-A9A2-899C4823D66D}.Debug|x86.Build.0 = Debug|Any CPU
		{4812594C-F749-4FA6-A9A2-899C4823D66D}.Release|Any CPU.ActiveCfg = Release|Any CPU
		{4812594C-F749-4FA6-A9A2-899C4823D66D}.Release|Any CPU.Build.0 = Release|Any CPU
		{4812594C-F749-4FA6-A9A2-899C4823D66D}.Release|x64.ActiveCfg = Release|Any CPU
		{4812594C-F749-4FA6-A9A2-899C4823D66D}.Release|x64.Build.0 = Release|Any CPU
		{4812594C-F749-4FA6-A9A2-899C4823D66D}.Release|x86.ActiveCfg = Release|Any CPU
		{4812594C-F749-4FA6-A9A2-899C4823D66D}.Release|x86.Build.0 = Release|Any CPU
	EndGlobalSection
	GlobalSection(SolutionProperties) = preSolution
		HideSolutionNode = FALSE
	EndGlobalSection
	GlobalSection(NestedProjects) = preSolution
		{31F528F0-172E-4520-A515-0D8AF6FE02F8} = {FF74110F-E2AB-4EC3-B34C-5F604FDC2896}
		{AF8912DE-0564-480E-A686-74D8C8D52766} = {F866B328-9CA4-4E31-9818-F2B35DA7DE6C}
		{1BF826B5-87F1-428A-98C2-883702FC22DC} = {F866B328-9CA4-4E31-9818-F2B35DA7DE6C}
		{E58D0230-997C-4B71-A2FD-28658FA9E97A} = {A3D32AAE-5E09-422E-A6D3-2FD2A189B2C6}
		{93F5B5AE-CE5B-4DC6-9ECA-EC99F6A1B6ED} = {F866B328-9CA4-4E31-9818-F2B35DA7DE6C}
		{0D0D8E88-7643-4A72-A749-4A7377B77C0B} = {F866B328-9CA4-4E31-9818-F2B35DA7DE6C}
		{D261ABD1-E334-45E9-AD67-68FB9E06C4C6} = {CF0F9EBE-41FB-42F8-891D-7417A25FEB2A}
		{4812594C-F749-4FA6-A9A2-899C4823D66D} = {CF0F9EBE-41FB-42F8-891D-7417A25FEB2A}
	EndGlobalSection
	GlobalSection(ExtensibilityGlobals) = postSolution
		SolutionGuid = {DD4D42BC-088D-44C4-8A7D-B9B6CDAB3D0C}
	EndGlobalSection
EndGlobal
